
Microsoft Visual Studio Solution File, Format Version 12.00
# Visual Studio 2013
VisualStudioVersion = 12.0.21005.1
MinimumVisualStudioVersion = 10.0.40219.1
Project("{FAE04EC0-301F-11D3-BF4B-00C04F79EFBC}") = "Chapter1", "Chapter1\Chapter1.csproj", "{75A3DD92-4EA8-498A-80CB-0BB21006037E}"
EndProject
Project("{FAE04EC0-301F-11D3-BF4B-00C04F79EFBC}") = "Chapter2", "Chapter2\Chapter2.csproj", "{C2BB5F39-36C1-41E0-B51A-C8F220A3846B}"
EndProject
Global
	GlobalSection(SolutionConfigurationPlatforms) = preSolution
		Debug|Any CPU = Debug|Any CPU
		Release|Any CPU = Release|Any CPU
	EndGlobalSection
	GlobalSection(ProjectConfigurationPlatforms) = postSolution
		{75A3DD92-4EA8-498A-80CB-0BB21006037E}.Debug|Any CPU.ActiveCfg = Debug|Any CPU
		{75A3DD92-4EA8-498A-80CB-0BB21006037E}.Debug|Any CPU.Build.0 = Debug|Any CPU
		{75A3DD92-4EA8-498A-80CB-0BB21006037E}.Release|Any CPU.ActiveCfg = Release|Any CPU
		{75A3DD92-4EA8-498A-80CB-0BB21006037E}.Release|Any CPU.Build.0 = Release|Any CPU
		{C2BB5F39-36C1-41E0-B51A-C8F220A3846B}.Debug|Any CPU.ActiveCfg = Debug|Any CPU
		{C2BB5F39-36C1-41E0-B51A-C8F220A3846B}.Debug|Any CPU.Build.0 = Debug|Any CPU
		{C2BB5F39-36C1-41E0-B51A-C8F220A3846B}.Release|Any CPU.ActiveCfg = Release|Any CPU
		{C2BB5F39-36C1-41E0-B51A-C8F220A3846B}.Release|Any CPU.Build.0 = Release|Any CPU
	EndGlobalSection
	GlobalSection(SolutionProperties) = preSolution
		HideSolutionNode = FALSE
	EndGlobalSection
EndGlobal
